
Microsoft Visual Studio Solution File, Format Version 12.00
# Visual Studio Version 17
VisualStudioVersion = 17.2.32505.173
MinimumVisualStudioVersion = 10.0.40219.1
Project("{FAE04EC0-301F-11D3-BF4B-00C04F79EFBC}") = "HamsterWarz.Server", "HamsterWarz\Server\HamsterWarz.Server.csproj", "{E954DEB6-8E71-4BA8-B9F2-27FE0FEAADC5}"
EndProject
Project("{FAE04EC0-301F-11D3-BF4B-00C04F79EFBC}") = "HamsterWarz.Client", "HamsterWarz\Client\HamsterWarz.Client.csproj", "{ED9A974B-EB8F-468F-9701-7431F7A9210B}"
EndProject
Project("{FAE04EC0-301F-11D3-BF4B-00C04F79EFBC}") = "HamsterWarz.Shared", "HamsterWarz\Shared\HamsterWarz.Shared.csproj", "{50832689-AC50-4FF3-A7DC-D9B1BA603287}"
EndProject
Global
	GlobalSection(SolutionConfigurationPlatforms) = preSolution
		Debug|Any CPU = Debug|Any CPU
		Release|Any CPU = Release|Any CPU
	EndGlobalSection
	GlobalSection(ProjectConfigurationPlatforms) = postSolution
		{E954DEB6-8E71-4BA8-B9F2-27FE0FEAADC5}.Debug|Any CPU.ActiveCfg = Debug|Any CPU
		{E954DEB6-8E71-4BA8-B9F2-27FE0FEAADC5}.Debug|Any CPU.Build.0 = Debug|Any CPU
		{E954DEB6-8E71-4BA8-B9F2-27FE0FEAADC5}.Release|Any CPU.ActiveCfg = Release|Any CPU
		{E954DEB6-8E71-4BA8-B9F2-27FE0FEAADC5}.Release|Any CPU.Build.0 = Release|Any CPU
		{ED9A974B-EB8F-468F-9701-7431F7A9210B}.Debug|Any CPU.ActiveCfg = Debug|Any CPU
		{ED9A974B-EB8F-468F-9701-7431F7A9210B}.Debug|Any CPU.Build.0 = Debug|Any CPU
		{ED9A974B-EB8F-468F-9701-7431F7A9210B}.Release|Any CPU.ActiveCfg = Release|Any CPU
		{ED9A974B-EB8F-468F-9701-7431F7A9210B}.Release|Any CPU.Build.0 = Release|Any CPU
		{50832689-AC50-4FF3-A7DC-D9B1BA603287}.Debug|Any CPU.ActiveCfg = Debug|Any CPU
		{50832689-AC50-4FF3-A7DC-D9B1BA603287}.Debug|Any CPU.Build.0 = Debug|Any CPU
		{50832689-AC50-4FF3-A7DC-D9B1BA603287}.Release|Any CPU.ActiveCfg = Release|Any CPU
		{50832689-AC50-4FF3-A7DC-D9B1BA603287}.Release|Any CPU.Build.0 = Release|Any CPU
	EndGlobalSection
	GlobalSection(SolutionProperties) = preSolution
		HideSolutionNode = FALSE
	EndGlobalSection
	GlobalSection(ExtensibilityGlobals) = postSolution
		SolutionGuid = {0870A429-ECC1-4022-BB03-A93319984BD0}
	EndGlobalSection
EndGlobal
